{
  "version": "5",
  "specifiers": {
    "jsr:@std/assert@1": "1.0.19",
    "jsr:@std/internal@^1.0.12": "1.0.14"
  },
  "jsr": {
    "@std/assert@1.0.19": {
      "integrity": "eaada96ee120cb980bc47e040f82814d786fe8162ecc53c91d8df60b8755991e",
      "dependencies": [
        "jsr:@std/internal"
      ]
    },
    "@std/internal@1.0.14": {
      "integrity": "291516b3d4c35024d6ffbc0a9df5bf4c64116e05b50012cf846710152d2ffdf7"
    }
  },
  "workspace": {
    "packageJson": {
      "dependencies": [
        "npm:@11labs/react@0.2",
        "npm:@capacitor-community/contacts@^7.2.0",
        "npm:@capacitor-mlkit/barcode-scanning@^8.1.0",
        "npm:@capacitor/android@^8.3.4",
        "npm:@capacitor/app@^8.1.0",
        "npm:@capacitor/camera@^8.2.0",
        "npm:@capacitor/cli@^8.3.4",
        "npm:@capacitor/core@^8.3.4",
        "npm:@capacitor/filesystem@^8.1.2",
        "npm:@capacitor/geolocation@^8.2.0",
        "npm:@capacitor/haptics@^8.0.2",
        "npm:@capacitor/local-notifications@^8.2.0",
        "npm:@capacitor/network@^8.0.1",
        "npm:@capacitor/preferences@^8.0.1",
        "npm:@capacitor/push-notifications@^8.1.1",
        "npm:@capacitor/share@^8.0.1",
        "npm:@capacitor/splash-screen@^8.0.2",
        "npm:@capacitor/status-bar@^8.0.2",
        "npm:@elevenlabs/client@~0.6.2",
        "npm:@eslint/js@^9.9.0",
        "npm:@ffmpeg/ffmpeg@~0.12.15",
        "npm:@ffmpeg/util@~0.12.2",
        "npm:@hookform/resolvers@^3.9.0",
        "npm:@huggingface/transformers@^3.7.5",
        "npm:@radix-ui/react-accordion@^1.2.0",
        "npm:@radix-ui/react-alert-dialog@^1.1.1",
        "npm:@radix-ui/react-aspect-ratio@^1.1.0",
        "npm:@radix-ui/react-avatar@^1.1.0",
        "npm:@radix-ui/react-checkbox@^1.1.1",
        "npm:@radix-ui/react-collapsible@^1.1.0",
        "npm:@radix-ui/react-context-menu@^2.2.1",
        "npm:@radix-ui/react-dialog@^1.1.2",
        "npm:@radix-ui/react-dropdown-menu@^2.1.1",
        "npm:@radix-ui/react-hover-card@^1.1.1",
        "npm:@radix-ui/react-label@^2.1.0",
        "npm:@radix-ui/react-menubar@^1.1.1",
        "npm:@radix-ui/react-navigation-menu@^1.2.0",
        "npm:@radix-ui/react-popover@^1.1.1",
        "npm:@radix-ui/react-progress@^1.1.0",
        "npm:@radix-ui/react-radio-group@^1.2.0",
        "npm:@radix-ui/react-scroll-area@^1.1.0",
        "npm:@radix-ui/react-select@^2.1.1",
        "npm:@radix-ui/react-separator@^1.1.0",
        "npm:@radix-ui/react-slider@^1.2.0",
        "npm:@radix-ui/react-slot@^1.1.0",
        "npm:@radix-ui/react-switch@^1.1.0",
        "npm:@radix-ui/react-tabs@^1.1.13",
        "npm:@radix-ui/react-toast@^1.2.1",
        "npm:@radix-ui/react-toggle-group@^1.1.0",
        "npm:@radix-ui/react-toggle@^1.1.0",
        "npm:@radix-ui/react-tooltip@^1.1.4",
        "npm:@supabase/supabase-js@^2.49.8",
        "npm:@tailwindcss/typography@~0.5.15",
        "npm:@tanstack/react-query@^5.56.2",
        "npm:@testing-library/jest-dom@^6.9.1",
        "npm:@types/dompurify@^3.2.0",
        "npm:@types/leaflet@^1.9.20",
        "npm:@types/node@^22.5.5",
        "npm:@types/qrcode@^1.5.6",
        "npm:@types/react-dom@^18.3.0",
        "npm:@types/react@^18.3.3",
        "npm:@vitejs/plugin-react-swc@^3.5.0",
        "npm:autoprefixer@^10.4.20",
        "npm:class-variance-authority@~0.7.1",
        "npm:clsx@^2.1.1",
        "npm:cmdk@1",
        "npm:crypto-js@^4.2.0",
        "npm:date-fns@^4.1.0",
        "npm:docx@^9.7.1",
        "npm:dompurify@^3.3.0",
        "npm:embla-carousel-react@^8.3.0",
        "npm:eslint-plugin-react-hooks@^5.1.0-rc.0",
        "npm:eslint-plugin-react-refresh@~0.4.9",
        "npm:eslint@^9.9.0",
        "npm:framer-motion@^12.40.0",
        "npm:globals@^15.9.0",
        "npm:input-otp@^1.2.4",
        "npm:jsdom@^29.1.1",
        "npm:jspdf-autotable@^5.0.2",
        "npm:jspdf@^3.0.3",
        "npm:jszip@^3.10.1",
        "npm:leaflet@^1.9.4",
        "npm:libphonenumber-js@^1.13.8",
        "npm:lovable-tagger@^1.1.7",
        "npm:lucide-react@0.462",
        "npm:mapbox-gl@^3.12.0",
        "npm:next-themes@0.3",
        "npm:pdfjs-dist@4.4.168",
        "npm:postcss@^8.4.47",
        "npm:qrcode@^1.5.4",
        "npm:react-day-picker@^8.10.1",
        "npm:react-dom@^18.3.1",
        "npm:react-google-autocomplete@^2.7.5",
        "npm:react-hook-form@^7.53.0",
        "npm:react-icons@^5.5.0",
        "npm:react-leaflet@5",
        "npm:react-markdown@^10.1.0",
        "npm:react-pdf@9.1.1",
        "npm:react-resizable-panels@^2.1.3",
        "npm:react-router-dom@^6.26.2",
        "npm:react@^18.3.1",
        "npm:recharts@^2.12.7",
        "npm:rehype-highlight@^7.0.2",
        "npm:rehype-raw@7",
        "npm:remark-gfm@^4.0.1",
        "npm:sonner@^1.5.0",
        "npm:tailwind-merge@^2.5.2",
        "npm:tailwindcss-animate@^1.0.7",
        "npm:tailwindcss@^3.4.11",
        "npm:terser@^5.42.0",
        "npm:typescript-eslint@^8.0.1",
        "npm:typescript@^5.5.3",
        "npm:vaul@^1.1.2",
        "npm:vite@^5.4.1",
        "npm:vitest@^4.1.8",
        "npm:web-vitals@^5.1.0",
        "npm:xlsx@~0.18.5",
        "npm:zod@^3.23.8"
      ]
    }
  }
}
